// !$*UTF8*$!
{
	archiveVersion = 1;
	classes = {
	};
	objectVersion = 50;
	objects = {

/* Begin PBXBuildFile section */
		57AD8BA7244EF62F00CF10EE /* AppDelegate.swift in Sources */ = {isa = PBXBuildFile; fileRef = 57AD8BA6244EF62F00CF10EE /* AppDelegate.swift */; };
		57AD8BA9244EF62F00CF10EE /* SceneDelegate.swift in Sources */ = {isa = PBXBuildFile; fileRef = 57AD8BA8244EF62F00CF10EE /* SceneDelegate.swift */; };
		57AD8BAB244EF62F00CF10EE /* ViewController.swift in Sources */ = {isa = PBXBuildFile; fileRef = 57AD8BAA244EF62F00CF10EE /* ViewController.swift */; };
		57AD8BAE244EF63000CF10EE /* Main.storyboard in Resources */ = {isa = PBXBuildFile; fileRef = 57AD8BAC244EF63000CF10EE /* Main.storyboard */; };
		57AD8BB0244EF63100CF10EE /* Assets.xcassets in Resources */ = {isa = PBXBuildFile; fileRef = 57AD8BAF244EF63100CF10EE /* Assets.xcassets */; };
		57AD8BB3244EF63100CF10EE /* LaunchScreen.storyboard in Resources */ = {isa = PBXBuildFile; fileRef = 57AD8BB1244EF63100CF10EE /* LaunchScreen.storyboard */; };
		57AD8BC1244EF82200CF10EE /* Media.xcassets in Resources */ = {isa = PBXBuildFile; fileRef = 57AD8BC0244EF82200CF10EE /* Media.xcassets */; };
		57AD8BC3244EF82200CF10EE /* ActionViewController.swift in Sources */ = {isa = PBXBuildFile; fileRef = 57AD8BC2244EF82200CF10EE /* ActionViewController.swift */; };
		57AD8BC6244EF82200CF10EE /* MainInterface.storyboard in Resources */ = {isa = PBXBuildFile; fileRef = 57AD8BC4244EF82200CF10EE /* MainInterface.storyboard */; };
		57AD8BCA244EF82200CF10EE /* Extension.appex in Embed App Extensions */ = {isa = PBXBuildFile; fileRef = 57AD8BBE244EF82200CF10EE /* Extension.appex */; settings = {ATTRIBUTES = (RemoveHeadersOnCopy, ); }; };
		57AD8BD0244EFBBE00CF10EE /* Action.js in Resources */ = {isa = PBXBuildFile; fileRef = 57AD8BCF244EFBBE00CF10EE /* Action.js */; };
/* End PBXBuildFile section */

/* Begin PBXContainerItemProxy section */
		57AD8BC8244EF82200CF10EE /* PBXContainerItemProxy */ = {
			isa = PBXContainerItemProxy;
			containerPortal = 57AD8B9B244EF62F00CF10EE /* Project object */;
			proxyType = 1;
			remoteGlobalIDString = 57AD8BBD244EF82200CF10EE;
			remoteInfo = Extension;
		};
/* End PBXContainerItemProxy section */

/* Begin PBXCopyFilesBuildPhase section */
		57AD8BCE244EF82200CF10EE /* Embed App Extensions */ = {
			isa = PBXCopyFilesBuildPhase;
			buildActionMask = 2147483647;
			dstPath = "";
			dstSubfolderSpec = 13;
			files = (
				57AD8BCA244EF82200CF10EE /* Extension.appex in Embed App Extensions */,
			);
			name = "Embed App Extensions";
			runOnlyForDeploymentPostprocessing = 0;
		};
/* End PBXCopyFilesBuildPhase section */

/* Begin PBXFileReference section */
		57AD8BA3244EF62F00CF10EE /* Project-19-JavascriptInjection.app */ = {isa = PBXFileReference; explicitFileType = wrapper.application; includeInIndex = 0; path = "Project-19-JavascriptInjection.app"; sourceTree = BUILT_PRODUCTS_DIR; };
		57AD8BA6244EF62F00CF10EE /* AppDelegate.swift */ = {isa = PBXFileReference; lastKnownFileType = sourcecode.swift; path = AppDelegate.swift; sourceTree = "<group>"; };
		57AD8BA8244EF62F00CF10EE /* SceneDelegate.swift */ = {isa = PBXFileReference; lastKnownFileType = sourcecode.swift; path = SceneDelegate.swift; sourceTree = "<group>"; };
		57AD8BAA244EF62F00CF10EE /* ViewController.swift */ = {isa = PBXFileReference; lastKnownFileType = sourcecode.swift; path = ViewController.swift; sourceTree = "<group>"; };
		57AD8BAD244EF63000CF10EE /* Base */ = {isa = PBXFileReference; lastKnownFileType = file.storyboard; name = Base; path = Base.lproj/Main.storyboard; sourceTree = "<group>"; };
		57AD8BAF244EF63100CF10EE /* Assets.xcassets */ = {isa = PBXFileReference; lastKnownFileType = folder.assetcatalog; path = Assets.xcassets; sourceTree = "<group>"; };
		57AD8BB2244EF63100CF10EE /* Base */ = {isa = PBXFileReference; lastKnownFileType = file.storyboard; name = Base; path = Base.lproj/LaunchScreen.storyboard; sourceTree = "<group>"; };
		57AD8BB4244EF63100CF10EE /* Info.plist */ = {isa = PBXFileReference; lastKnownFileType = text.plist.xml; path = Info.plist; sourceTree = "<group>"; };
		57AD8BBE244EF82200CF10EE /* Extension.appex */ = {isa = PBXFileReference; explicitFileType = "wrapper.app-extension"; includeInIndex = 0; path = Extension.appex; sourceTree = BUILT_PRODUCTS_DIR; };
		57AD8BC0244EF82200CF10EE /* Media.xcassets */ = {isa = PBXFileReference; lastKnownFileType = folder.assetcatalog; path = Media.xcassets; sourceTree = "<group>"; };
		57AD8BC2244EF82200CF10EE /* ActionViewController.swift */ = {isa = PBXFileReference; lastKnownFileType = sourcecode.swift; path = ActionViewController.swift; sourceTree = "<group>"; };
		57AD8BC5244EF82200CF10EE /* Base */ = {isa = PBXFileReference; lastKnownFileType = file.storyboard; name = Base; path = Base.lproj/MainInterface.storyboard; sourceTree = "<group>"; };
		57AD8BC7244EF82200CF10EE /* Info.plist */ = {isa = PBXFileReference; lastKnownFileType = text.plist.xml; path = Info.plist; sourceTree = "<group>"; };
		57AD8BCF244EFBBE00CF10EE /* Action.js */ = {isa = PBXFileReference; lastKnownFileType = sourcecode.javascript; path = Action.js; sourceTree = "<group>"; };
/* End PBXFileReference section */

/* Begin PBXFrameworksBuildPhase section */
		57AD8BA0244EF62F00CF10EE /* Frameworks */ = {
			isa = PBXFrameworksBuildPhase;
			buildActionMask = 2147483647;
			files = (
			);
			runOnlyForDeploymentPostprocessing = 0;
		};
		57AD8BBB244EF82200CF10EE /* Frameworks */ = {
			isa = PBXFrameworksBuildPhase;
			buildActionMask = 2147483647;
			files = (
			);
			runOnlyForDeploymentPostprocessing = 0;
		};
/* End PBXFrameworksBuildPhase section */

/* Begin PBXGroup section */
		57AD8B9A244EF62F00CF10EE = {
			isa = PBXGroup;
			children = (
				57AD8BA5244EF62F00CF10EE /* Project-19-JavascriptInjection */,
				57AD8BBF244EF82200CF10EE /* Extension */,
				57AD8BA4244EF62F00CF10EE /* Products */,
			);
			sourceTree = "<group>";
		};
		57AD8BA4244EF62F00CF10EE /* Products */ = {
			isa = PBXGroup;
			children = (
				57AD8BA3244EF62F00CF10EE /* Project-19-JavascriptInjection.app */,
				57AD8BBE244EF82200CF10EE /* Extension.appex */,
			);
			name = Products;
			sourceTree = "<group>";
		};
		57AD8BA5244EF62F00CF10EE /* Project-19-JavascriptInjection */ = {
			isa = PBXGroup;
			children = (
				57AD8BA6244EF62F00CF10EE /* AppDelegate.swift */,
				57AD8BA8244EF62F00CF10EE /* SceneDelegate.swift */,
				57AD8BAA244EF62F00CF10EE /* ViewController.swift */,
				57AD8BAC244EF63000CF10EE /* Main.storyboard */,
				57AD8BAF244EF63100CF10EE /* Assets.xcassets */,
				57AD8BB1244EF63100CF10EE /* LaunchScreen.storyboard */,
				57AD8BB4244EF63100CF10EE /* Info.plist */,
			);
			path = "Project-19-JavascriptInjection";
			sourceTree = "<group>";
		};
		57AD8BBF244EF82200CF10EE /* Extension */ = {
			isa = PBXGroup;
			children = (
				57AD8BC0244EF82200CF10EE /* Media.xcassets */,
				57AD8BC2244EF82200CF10EE /* ActionViewController.swift */,
				57AD8BC4244EF82200CF10EE /* MainInterface.storyboard */,
				57AD8BC7244EF82200CF10EE /* Info.plist */,
				57AD8BCF244EFBBE00CF10EE /* Action.js */,
			);
			path = Extension;
			sourceTree = "<group>";
		};
/* End PBXGroup section */

/* Begin PBXNativeTarget section */
		57AD8BA2244EF62F00CF10EE /* Project-19-JavascriptInjection */ = {
			isa = PBXNativeTarget;
			buildConfigurationList = 57AD8BB7244EF63100CF10EE /* Build configuration list for PBXNativeTarget "Project-19-JavascriptInjection" */;
			buildPhases = (
				57AD8B9F244EF62F00CF10EE /* Sources */,
				57AD8BA0244EF62F00CF10EE /* Frameworks */,
				57AD8BA1244EF62F00CF10EE /* Resources */,
				57AD8BCE244EF82200CF10EE /* Embed App Extensions */,
			);
			buildRules = (
			);
			dependencies = (
				57AD8BC9244EF82200CF10EE /* PBXTargetDependency */,
			);
			name = "Project-19-JavascriptInjection";
			productName = "Project-19-JavascriptInjection";
			productReference = 57AD8BA3244EF62F00CF10EE /* Project-19-JavascriptInjection.app */;
			productType = "com.apple.product-type.application";
		};
		57AD8BBD244EF82200CF10EE /* Extension */ = {
			isa = PBXNativeTarget;
			buildConfigurationList = 57AD8BCB244EF82200CF10EE /* Build configuration list for PBXNativeTarget "Extension" */;
			buildPhases = (
				57AD8BBA244EF82200CF10EE /* Sources */,
				57AD8BBB244EF82200CF10EE /* Frameworks */,
				57AD8BBC244EF82200CF10EE /* Resources */,
			);
			buildRules = (
			);
			dependencies = (
			);
			name = Extension;
			productName = Extension;
			productReference = 57AD8BBE244EF82200CF10EE /* Extension.appex */;
			productType = "com.apple.product-type.app-extension";
		};
/* End PBXNativeTarget section */

/* Begin PBXProject section */
		57AD8B9B244EF62F00CF10EE /* Project object */ = {
			isa = PBXProject;
			attributes = {
				LastSwiftUpdateCheck = 1140;
				LastUpgradeCheck = 1140;
				ORGANIZATIONNAME = "Ishaq Amin";
				TargetAttributes = {
					57AD8BA2244EF62F00CF10EE = {
						CreatedOnToolsVersion = 11.4.1;
					};
					57AD8BBD244EF82200CF10EE = {
						CreatedOnToolsVersion = 11.4.1;
					};
				};
			};
			buildConfigurationList = 57AD8B9E244EF62F00CF10EE /* Build configuration list for PBXProject "Project-19-JavascriptInjection" */;
			compatibilityVersion = "Xcode 9.3";
			developmentRegion = en;
			hasScannedForEncodings = 0;
			knownRegions = (
				en,
				Base,
			);
			mainGroup = 57AD8B9A244EF62F00CF10EE;
			productRefGroup = 57AD8BA4244EF62F00CF10EE /* Products */;
			projectDirPath = "";
			projectRoot = "";
			targets = (
				57AD8BA2244EF62F00CF10EE /* Project-19-JavascriptInjection */,
				57AD8BBD244EF82200CF10EE /* Extension */,
			);
		};
/* End PBXProject section */

/* Begin PBXResourcesBuildPhase section */
		57AD8BA1244EF62F00CF10EE /* Resources */ = {
			isa = PBXResourcesBuildPhase;
			buildActionMask = 2147483647;
			files = (
				57AD8BB3244EF63100CF10EE /* LaunchScreen.storyboard in Resources */,
				57AD8BB0244EF63100CF10EE /* Assets.xcassets in Resources */,
				57AD8BAE244EF63000CF10EE /* Main.storyboard in Resources */,
			);
			runOnlyForDeploymentPostprocessing = 0;
		};
		57AD8BBC244EF82200CF10EE /* Resources */ = {
			isa = PBXResourcesBuildPhase;
			buildActionMask = 2147483647;
			files = (
				57AD8BD0244EFBBE00CF10EE /* Action.js in Resources */,
				57AD8BC1244EF82200CF10EE /* Media.xcassets in Resources */,
				57AD8BC6244EF82200CF10EE /* MainInterface.storyboard in Resources */,
			);
			runOnlyForDeploymentPostprocessing = 0;
		};
/* End PBXResourcesBuildPhase section */

/* Begin PBXSourcesBuildPhase section */
		57AD8B9F244EF62F00CF10EE /* Sources */ = {
			isa = PBXSourcesBuildPhase;
			buildActionMask = 2147483647;
			files = (
				57AD8BAB244EF62F00CF10EE /* ViewController.swift in Sources */,
				57AD8BA7244EF62F00CF10EE /* AppDelegate.swift in Sources */,
				57AD8BA9244EF62F00CF10EE /* SceneDelegate.swift in Sources */,
			);
			runOnlyForDeploymentPostprocessing = 0;
		};
		57AD8BBA244EF82200CF10EE /* Sources */ = {
			isa = PBXSourcesBuildPhase;
			buildActionMask = 2147483647;
			files = (
				57AD8BC3244EF82200CF10EE /* ActionViewController.swift in Sources */,
			);
			runOnlyForDeploymentPostprocessing = 0;
		};
/* End PBXSourcesBuildPhase section */

/* Begin PBXTargetDependency section */
		57AD8BC9244EF82200CF10EE /* PBXTargetDependency */ = {
			isa = PBXTargetDependency;
			target = 57AD8BBD244EF82200CF10EE /* Extension */;
			targetProxy = 57AD8BC8244EF82200CF10EE /* PBXContainerItemProxy */;
		};
/* End PBXTargetDependency section */

/* Begin PBXVariantGroup section */
		57AD8BAC244EF63000CF10EE /* Main.storyboard */ = {
			isa = PBXVariantGroup;
			children = (
				57AD8BAD244EF63000CF10EE /* Base */,
			);
			name = Main.storyboard;
			sourceTree = "<group>";
		};
		57AD8BB1244EF63100CF10EE /* LaunchScreen.storyboard */ = {
			isa = PBXVariantGroup;
			children = (
				57AD8BB2244EF63100CF10EE /* Base */,
			);
			name = LaunchScreen.storyboard;
			sourceTree = "<group>";
		};
		57AD8BC4244EF82200CF10EE /* MainInterface.storyboard */ = {
			isa = PBXVariantGroup;
			children = (
				57AD8BC5244EF82200CF10EE /* Base */,
			);
			name = MainInterface.storyboard;
			sourceTree = "<group>";
		};
/* End PBXVariantGroup section */

/* Begin XCBuildConfiguration section */
		57AD8BB5244EF63100CF10EE /* Debug */ = {
			isa = XCBuildConfiguration;
			buildSettings = {
				ALWAYS_SEARCH_USER_PATHS = NO;
				CLANG_ANALYZER_NONNULL = YES;
				CLANG_ANALYZER_NUMBER_OBJECT_CONVERSION = YES_AGGRESSIVE;
				CLANG_CXX_LANGUAGE_STANDARD = "gnu++14";
				CLANG_CXX_LIBRARY = "libc++";
				CLANG_ENABLE_MODULES = YES;
				CLANG_ENABLE_OBJC_ARC = YES;
				CLANG_ENABLE_OBJC_WEAK = YES;
				CLANG_WARN_BLOCK_CAPTURE_AUTORELEASING = YES;
				CLANG_WARN_BOOL_CONVERSION = YES;
				CLANG_WARN_COMMA = YES;
				CLANG_WARN_CONSTANT_CONVERSION = YES;
				CLANG_WARN_DEPRECATED_OBJC_IMPLEMENTATIONS = YES;
				CLANG_WARN_DIRECT_OBJC_ISA_USAGE = YES_ERROR;
				CLANG_WARN_DOCUMENTATION_COMMENTS = YES;
				CLANG_WARN_EMPTY_BODY = YES;
				CLANG_WARN_ENUM_CONVERSION = YES;
				CLANG_WARN_INFINITE_RECURSION = YES;
				CLANG_WARN_INT_CONVERSION = YES;
				CLANG_WARN_NON_LITERAL_NULL_CONVERSION = YES;
				CLANG_WARN_OBJC_IMPLICIT_RETAIN_SELF = YES;
				CLANG_WARN_OBJC_LITERAL_CONVERSION = YES;
				CLANG_WARN_OBJC_ROOT_CLASS = YES_ERROR;
				CLANG_WARN_RANGE_LOOP_ANALYSIS = YES;
				CLANG_WARN_STRICT_PROTOTYPES = YES;
				CLANG_WARN_SUSPICIOUS_MOVE = YES;
				CLANG_WARN_UNGUARDED_AVAILABILITY = YES_AGGRESSIVE;
				CLANG_WARN_UNREACHABLE_CODE = YES;
				CLANG_WARN__DUPLICATE_METHOD_MATCH = YES;
				COPY_PHASE_STRIP = NO;
				DEBUG_INFORMATION_FORMAT = dwarf;
				ENABLE_STRICT_OBJC_MSGSEND = YES;
				ENABLE_TESTABILITY = YES;
				GCC_C_LANGUAGE_STANDARD = gnu11;
				GCC_DYNAMIC_NO_PIC = NO;
				GCC_NO_COMMON_BLOCKS = YES;
				GCC_OPTIMIZATION_LEVEL = 0;
				GCC_PREPROCESSOR_DEFINITIONS = (
					"DEBUG=1",
					"$(inherited)",
				);
				GCC_WARN_64_TO_32_BIT_CONVERSION = YES;
				GCC_WARN_ABOUT_RETURN_TYPE = YES_ERROR;
				GCC_WARN_UNDECLARED_SELECTOR = YES;
				GCC_WARN_UNINITIALIZED_AUTOS = YES_AGGRESSIVE;
				GCC_WARN_UNUSED_FUNCTION = YES;
				GCC_WARN_UNUSED_VARIABLE = YES;
				IPHONEOS_DEPLOYMENT_TARGET = 13.4;
				MTL_ENABLE_DEBUG_INFO = INCLUDE_SOURCE;
				MTL_FAST_MATH = YES;
				ONLY_ACTIVE_ARCH = YES;
				SDKROOT = iphoneos;
				SWIFT_ACTIVE_COMPILATION_CONDITIONS = DEBUG;
				SWIFT_OPTIMIZATION_LEVEL = "-Onone";
			};
			name = Debug;
		};
		57AD8BB6244EF63100CF10EE /* Release */ = {
			isa = XCBuildConfiguration;
			buildSettings = {
				ALWAYS_SEARCH_USER_PATHS = NO;
				CLANG_ANALYZER_NONNULL = YES;
				CLANG_ANALYZER_NUMBER_OBJECT_CONVERSION = YES_AGGRESSIVE;
				CLANG_CXX_LANGUAGE_STANDARD = "gnu++14";
				CLANG_CXX_LIBRARY = "libc++";
				CLANG_ENABLE_MODULES = YES;
				CLANG_ENABLE_OBJC_ARC = YES;
				CLANG_ENABLE_OBJC_WEAK = YES;
				CLANG_WARN_BLOCK_CAPTURE_AUTORELEASING = YES;
				CLANG_WARN_BOOL_CONVERSION = YES;
				CLANG_WARN_COMMA = YES;
				CLANG_WARN_CONSTANT_CONVERSION = YES;
				CLANG_WARN_DEPRECATED_OBJC_IMPLEMENTATIONS = YES;
				CLANG_WARN_DIRECT_OBJC_ISA_USAGE = YES_ERROR;
				CLANG_WARN_DOCUMENTATION_COMMENTS = YES;
				CLANG_WARN_EMPTY_BODY = YES;
				CLANG_WARN_ENUM_CONVERSION = YES;
				CLANG_WARN_INFINITE_RECURSION = YES;
				CLANG_WARN_INT_CONVERSION = YES;
				CLANG_WARN_NON_LITERAL_NULL_CONVERSION = YES;
				CLANG_WARN_OBJC_IMPLICIT_RETAIN_SELF = YES;
				CLANG_WARN_OBJC_LITERAL_CONVERSION = YES;
				CLANG_WARN_OBJC_ROOT_CLASS = YES_ERROR;
				CLANG_WARN_RANGE_LOOP_ANALYSIS = YES;
				CLANG_WARN_STRICT_PROTOTYPES = YES;
				CLANG_WARN_SUSPICIOUS_MOVE = YES;
				CLANG_WARN_UNGUARDED_AVAILABILITY = YES_AGGRESSIVE;
				CLANG_WARN_UNREACHABLE_CODE = YES;
				CLANG_WARN__DUPLICATE_METHOD_MATCH = YES;
				COPY_PHASE_STRIP = NO;
				DEBUG_INFORMATION_FORMAT = "dwarf-with-dsym";
				ENABLE_NS_ASSERTIONS = NO;
				ENABLE_STRICT_OBJC_MSGSEND = YES;
				GCC_C_LANGUAGE_STANDARD = gnu11;
				GCC_NO_COMMON_BLOCKS = YES;
				GCC_WARN_64_TO_32_BIT_CONVERSION = YES;
				GCC_WARN_ABOUT_RETURN_TYPE = YES_ERROR;
				GCC_WARN_UNDECLARED_SELECTOR = YES;
				GCC_WARN_UNINITIALIZED_AUTOS = YES_AGGRESSIVE;
				GCC_WARN_UNUSED_FUNCTION = YES;
				GCC_WARN_UNUSED_VARIABLE = YES;
				IPHONEOS_DEPLOYMENT_TARGET = 13.4;
				MTL_ENABLE_DEBUG_INFO = NO;
				MTL_FAST_MATH = YES;
				SDKROOT = iphoneos;
				SWIFT_COMPILATION_MODE = wholemodule;
				SWIFT_OPTIMIZATION_LEVEL = "-O";
				VALIDATE_PRODUCT = YES;
			};
			name = Release;
		};
		57AD8BB8244EF63100CF10EE /* Debug */ = {
			isa = XCBuildConfiguration;
			buildSettings = {
				ALWAYS_EMBED_SWIFT_STANDARD_LIBRARIES = YES;
				ASSETCATALOG_COMPILER_APPICON_NAME = AppIcon;
				CODE_SIGN_STYLE = Automatic;
				DEVELOPMENT_TEAM = 9WZ2UFK7U5;
				INFOPLIST_FILE = "Project-19-JavascriptInjection/Info.plist";
				LD_RUNPATH_SEARCH_PATHS = (
					"$(inherited)",
					"@executable_path/Frameworks",
				);
				PRODUCT_BUNDLE_IDENTIFIER = "Zack.Project-19-JavascriptInjection";
				PRODUCT_NAME = "$(TARGET_NAME)";
				SWIFT_VERSION = 5.0;
				TARGETED_DEVICE_FAMILY = "1,2";
			};
			name = Debug;
		};
		57AD8BB9244EF63100CF10EE /* Release */ = {
			isa = XCBuildConfiguration;
			buildSettings = {
				ALWAYS_EMBED_SWIFT_STANDARD_LIBRARIES = YES;
				ASSETCATALOG_COMPILER_APPICON_NAME = AppIcon;
				CODE_SIGN_STYLE = Automatic;
				DEVELOPMENT_TEAM = 9WZ2UFK7U5;
				INFOPLIST_FILE = "Project-19-JavascriptInjection/Info.plist";
				LD_RUNPATH_SEARCH_PATHS = (
					"$(inherited)",
					"@executable_path/Frameworks",
				);
				PRODUCT_BUNDLE_IDENTIFIER = "Zack.Project-19-JavascriptInjection";
				PRODUCT_NAME = "$(TARGET_NAME)";
				SWIFT_VERSION = 5.0;
				TARGETED_DEVICE_FAMILY = "1,2";
			};
			name = Release;
		};
		57AD8BCC244EF82200CF10EE /* Debug */ = {
			isa = XCBuildConfiguration;
			buildSettings = {
				CODE_SIGN_STYLE = Automatic;
				DEVELOPMENT_TEAM = 9WZ2UFK7U5;
				INFOPLIST_FILE = Extension/Info.plist;
				LD_RUNPATH_SEARCH_PATHS = (
					"$(inherited)",
					"@executable_path/Frameworks",
					"@executable_path/../../Frameworks",
				);
				PRODUCT_BUNDLE_IDENTIFIER = "Zack.Project-19-JavascriptInjection.Extension";
				PRODUCT_NAME = "$(TARGET_NAME)";
				SKIP_INSTALL = YES;
				SWIFT_VERSION = 5.0;
				TARGETED_DEVICE_FAMILY = "1,2";
			};
			name = Debug;
		};
		57AD8BCD244EF82200CF10EE /* Release */ = {
			isa = XCBuildConfiguration;
			buildSettings = {
				CODE_SIGN_STYLE = Automatic;
				DEVELOPMENT_TEAM = 9WZ2UFK7U5;
				INFOPLIST_FILE = Extension/Info.plist;
				LD_RUNPATH_SEARCH_PATHS = (
					"$(inherited)",
					"@executable_path/Frameworks",
					"@executable_path/../../Frameworks",
				);
				PRODUCT_BUNDLE_IDENTIFIER = "Zack.Project-19-JavascriptInjection.Extension";
				PRODUCT_NAME = "$(TARGET_NAME)";
				SKIP_INSTALL = YES;
				SWIFT_VERSION = 5.0;
				TARGETED_DEVICE_FAMILY = "1,2";
			};
			name = Release;
		};
/* End XCBuildConfiguration section */

/* Begin XCConfigurationList section */
		57AD8B9E244EF62F00CF10EE /* Build configuration list for PBXProject "Project-19-JavascriptInjection" */ = {
			isa = XCConfigurationList;
			buildConfigurations = (
				57AD8BB5244EF63100CF10EE /* Debug */,
				57AD8BB6244EF63100CF10EE /* Release */,
			);
			defaultConfigurationIsVisible = 0;
			defaultConfigurationName = Release;
		};
		57AD8BB7244EF63100CF10EE /* Build configuration list for PBXNativeTarget "Project-19-JavascriptInjection" */ = {
			isa = XCConfigurationList;
			buildConfigurations = (
				57AD8BB8244EF63100CF10EE /* Debug */,
				57AD8BB9244EF63100CF10EE /* Release */,
			);
			defaultConfigurationIsVisible = 0;
			defaultConfigurationName = Release;
		};
		57AD8BCB244EF82200CF10EE /* Build configuration list for PBXNativeTarget "Extension" */ = {
			isa = XCConfigurationList;
			buildConfigurations = (
				57AD8BCC244EF82200CF10EE /* Debug */,
				57AD8BCD244EF82200CF10EE /* Release */,
			);
			defaultConfigurationIsVisible = 0;
			defaultConfigurationName = Release;
		};
/* End XCConfigurationList section */
	};
	rootObject = 57AD8B9B244EF62F00CF10EE /* Project object */;
}
